{
  "originHash" : "34895584b28f86059db233da06f4ad829d2bd93567c529025b4e5356140dd867",
  "pins" : [
    {
      "identity" : "euclid",
      "kind" : "remoteSourceControl",
      "location" : "git@github.com:nicklockwood/Euclid.git",
      "state" : {
        "branch" : "main",
        "revision" : "841cc3074bd518794340bf8fa9bee6c796e77144"
      }
    }
  ],
  "version" : 3
}
